
Microsoft Visual Studio Solution File, Format Version 12.00
# Visual Studio Version 16
VisualStudioVersion = 16.0.31019.35
MinimumVisualStudioVersion = 10.0.40219.1
Project("{FAE04EC0-301F-11D3-BF4B-00C04F79EFBC}") = "InterfesV", "InterfesV.csproj", "{452F459B-AC97-48DA-A123-940A94561816}"
EndProject
Global
	GlobalSection(SolutionConfigurationPlatforms) = preSolution
		Debug|Any CPU = Debug|Any CPU
		Release|Any CPU = Release|Any CPU
	EndGlobalSection
	GlobalSection(ProjectConfigurationPlatforms) = postSolution
		{452F459B-AC97-48DA-A123-940A94561816}.Debug|Any CPU.ActiveCfg = Debug|Any CPU
		{452F459B-AC97-48DA-A123-940A94561816}.Debug|Any CPU.Build.0 = Debug|Any CPU
		{452F459B-AC97-48DA-A123-940A94561816}.Release|Any CPU.ActiveCfg = Release|Any CPU
		{452F459B-AC97-48DA-A123-940A94561816}.Release|Any CPU.Build.0 = Release|Any CPU
	EndGlobalSection
	GlobalSection(SolutionProperties) = preSolution
		HideSolutionNode = FALSE
	EndGlobalSection
	GlobalSection(ExtensibilityGlobals) = postSolution
		SolutionGuid = {4832AD50-37FC-4393-823D-00F41EFA3F78}
	EndGlobalSection
EndGlobal
